{
    "version": 3,
    "terraform_version": "0.11.13",
    "serial": 39,
    "lineage": "392df8c5-f5c6-71de-35e7-6b67ffeab585",
    "modules": [
        {
            "path": [
                "root"
            ],
            "outputs": {
                "elkuserdata": {
                    "sensitive": false,
                    "type": "string",
                    "value": "#!/bin/bash\nset -a \nsource /etc/environment\napt-get update\nsudo DEBIAN_FRONTEND=noninteractive apt-get upgrade -y\nDEBIAN_FRONTEND=noninteractive \napt-get -y upgrade \napt-get install openjdk-8-jre -y\nwget -qO - https://artifacts.elastic.co/GPG-KEY-elasticsearch |  apt-key add -\napt-get update\napt-get install apt-transport-https -y\necho \"deb https://artifacts.elastic.co/packages/5.x/apt stable main\" \u003e\u003e /etc/apt/sources.list.d/elastic-5.x.list\napt-get update\napt-get install elasticsearch -y\n/usr/share/elasticsearch/bin/elasticsearch-plugin install discovery-ec2 -s\napt-get update \napt-get install logstash -y\napt-get install kibana -y\n\nadduser --disabled-password --gecos \"\" sam\nusermod -a -G sudo sam\nmkdir -p /home/sam/.ssh\necho \"ssh-rsa AAAAB3NzaC1yc2EAAAADAQABAAABAQCyFgGobmiU2H+9TA3H5lx2F/MLUErDlq65PCj8Y1goarTdbZf2sDvYJjdwA8btHGn0scoYH0cSIjxUEteA+NjIMAiG94AcN+UXJH99XmenIGxwRKvludZL1Np2UXZRPLo1JgoGyCgypS3THTbkbOxeOZ3wGAEW9YYxNhZ96cHKl1ORxFOzZ80ZS4C+LQEFDCaMykBUFxilFhvUPpuyuj9BCPfRXBDcLyYYBObKcdBvnBjC5bezg+BB/ihQNn76PJjdVVxVd2WxUtyCjf4/+Sn3R0M2VPI9AUXfmoSjZVS1nasaKmgGeftVvzL3aqzQWHabxGIhBCqdQ4+7TrIeb6Kb tom\" \u003e\u003e /home/sam/.ssh/authorized_keys \u003e /dev/null\nchown -R sam:sam /home/sam/.ssh\nchmod -R go-rx /home/sam/.ssh\nadduser --disabled-password --gecos \"\" tom\nusermod -a -G sudo tom\nmkdir -p /home/tom/.ssh\necho \"ssh-rsa AAAAB3NzaC1yc2EAAAADAQABAAABAQCyFgGobmiU2H+9TA3H5lx2F/MLUErDlq65PCj8Y1goarTdbZf2sDvYJjdwA8btHGn0scoYH0cSIjxUEteA+NjIMAiG94AcN+UXJH99XmenIGxwRKvludZL1Np2UXZRPLo1JgoGyCgypS3THTbkbOxeOZ3wGAEW9YYxNhZ96cHKl1ORxFOzZ80ZS4C+LQEFDCaMykBUFxilFhvUPpuyuj9BCPfRXBDcLyYYBObKcdBvnBjC5bezg+BB/ihQNn76PJjdVVxVd2WxUtyCjf4/+Sn3R0M2VPI9AUXfmoSjZVS1nasaKmgGeftVvzL3aqzQWHabxGIhBCqdQ4+7TrIeb6Kb tom\" \u003e\u003e /home/tom/.ssh/authorized_keys \u003e /dev/null\nchown -R tom:tom /home/tom/.ssh\nchmod -R go-rx /home/tom/.ssh\n\n"
                },
                "instanceips": {
                    "sensitive": false,
                    "type": "string",
                    "value": "54.85.66.78"
                }
            },
            "resources": {
                "aws_eip.temp_eip": {
                    "type": "aws_eip",
                    "depends_on": [
                        "aws_instance.elkinstances",
                        "aws_instance.elkinstances.*"
                    ],
                    "primary": {
                        "id": "eipalloc-008bca8f9ff22118c",
                        "attributes": {
                            "association_id": "eipassoc-0580c7907d5457ba4",
                            "domain": "vpc",
                            "id": "eipalloc-008bca8f9ff22118c",
                            "instance": "i-05fd8ad686d381482",
                            "network_interface": "eni-01e307797bda886b0",
                            "private_dns": "ip-10-97-25-51.ec2.internal",
                            "private_ip": "10.97.25.51",
                            "public_dns": "ec2-54-85-66-78.compute-1.amazonaws.com",
                            "public_ip": "54.85.66.78",
                            "public_ipv4_pool": "amazon",
                            "tags.%": "0",
                            "vpc": "true"
                        },
                        "meta": {
                            "e2bfb730-ecaa-11e6-8f88-34363bc7c4c0": {
                                "delete": 180000000000,
                                "read": 900000000000,
                                "update": 300000000000
                            }
                        },
                        "tainted": false
                    },
                    "deposed": [],
                    "provider": "provider.aws"
                },
                "aws_instance.elkinstances": {
                    "type": "aws_instance",
                    "depends_on": [
                        "aws_key_pair.elk_auth",
                        "data.template_file.install_elk",
                        "data.terraform_remote_state.backend_vpc",
                        "module.iam",
                        "module.security"
                    ],
                    "primary": {
                        "id": "i-05fd8ad686d381482",
                        "attributes": {
                            "ami": "ami-01d9d5f6cecc31f85",
                            "arn": "arn:aws:ec2:us-east-1:475534801476:instance/i-05fd8ad686d381482",
                            "associate_public_ip_address": "true",
                            "availability_zone": "us-east-1a",
                            "cpu_core_count": "2",
                            "cpu_threads_per_core": "1",
                            "credit_specification.#": "1",
                            "credit_specification.0.cpu_credits": "standard",
                            "disable_api_termination": "false",
                            "ebs_block_device.#": "1",
                            "ebs_block_device.3905984573.delete_on_termination": "true",
                            "ebs_block_device.3905984573.device_name": "/dev/xvdb",
                            "ebs_block_device.3905984573.encrypted": "false",
                            "ebs_block_device.3905984573.iops": "100",
                            "ebs_block_device.3905984573.snapshot_id": "",
                            "ebs_block_device.3905984573.volume_id": "vol-0cd524f4092c0d9ca",
                            "ebs_block_device.3905984573.volume_size": "20",
                            "ebs_block_device.3905984573.volume_type": "gp2",
                            "ebs_optimized": "false",
                            "ephemeral_block_device.#": "0",
                            "get_password_data": "false",
                            "iam_instance_profile": "elk_profile",
                            "id": "i-05fd8ad686d381482",
                            "instance_state": "running",
                            "instance_type": "t2.large",
                            "ipv6_address_count": "0",
                            "ipv6_addresses.#": "0",
                            "key_name": "ubuntu",
                            "monitoring": "false",
                            "network_interface.#": "0",
                            "password_data": "",
                            "placement_group": "",
                            "primary_network_interface_id": "eni-01e307797bda886b0",
                            "private_dns": "ip-10-97-25-51.ec2.internal",
                            "private_ip": "10.97.25.51",
                            "public_dns": "ec2-54-85-66-78.compute-1.amazonaws.com",
                            "public_ip": "54.85.66.78",
                            "root_block_device.#": "1",
                            "root_block_device.0.delete_on_termination": "true",
                            "root_block_device.0.iops": "100",
                            "root_block_device.0.volume_id": "vol-0d0d7de76154468b2",
                            "root_block_device.0.volume_size": "8",
                            "root_block_device.0.volume_type": "gp2",
                            "security_groups.#": "0",
                            "source_dest_check": "true",
                            "subnet_id": "subnet-02f493d65630ac0d3",
                            "tags.%": "1",
                            "tags.Name": "elk",
                            "tenancy": "default",
                            "user_data": "913f855485a2d48607d8f0fee71238bd74b67985",
                            "volume_tags.%": "1",
                            "volume_tags.Name": "elk",
                            "vpc_security_group_ids.#": "3",
                            "vpc_security_group_ids.1055560819": "sg-0d6bd80fd3cc7bc3b",
                            "vpc_security_group_ids.2622710550": "sg-03d1ace5440aa0177",
                            "vpc_security_group_ids.4082759685": "sg-0b9cbbab59905cb1a"
                        },
                        "meta": {
                            "e2bfb730-ecaa-11e6-8f88-34363bc7c4c0": {
                                "create": 600000000000,
                                "delete": 1200000000000,
                                "update": 600000000000
                            },
                            "schema_version": "1"
                        },
                        "tainted": false
                    },
                    "deposed": [],
                    "provider": "provider.aws"
                },
                "aws_key_pair.elk_auth": {
                    "type": "aws_key_pair",
                    "depends_on": [],
                    "primary": {
                        "id": "ubuntu",
                        "attributes": {
                            "fingerprint": "8b:ea:81:e3:ae:dd:8d:96:d7:0f:53:d1:24:67:6d:a3",
                            "id": "ubuntu",
                            "key_name": "ubuntu",
                            "public_key": "ssh-rsa AAAAB3NzaC1yc2EAAAADAQABAAABAQDGBmGlqnCs5MTr928HY5N1OHiw7UbQbLKZafG4HfzS0IQmBJyAlQZtu8cvtAgE/fp5b300w3+dHvi2B23SRhiiw4QOGnA6DJDhLcsZ+QxBX39MYb27moS1DezLz1povBZ8pSaGj1YHkwVqHUAmL8PXglqLyMEIyOBhQCD+aRZjpv1KLhH6ZKXzjIM7/DBM3OMfdk3r1BW4navA4KudRGoy5iV+pY3WrQTmv4OxX68lWp+UD7fipCGw3WyFj1MOhfHCp6spo83L4n7nswuKEubJwgmf2xboWEpiEm3yad3HHP6+XAJhrO1E9ahxn6syys002dEBPAmRe0kZ6JnJ6yKf nero@DESKTOP-DUUU61M"
                        },
                        "meta": {
                            "schema_version": "1"
                        },
                        "tainted": false
                    },
                    "deposed": [],
                    "provider": "provider.aws"
                },
                "data.template_file.add_users.0": {
                    "type": "template_file",
                    "depends_on": [],
                    "primary": {
                        "id": "c3c8817065a3aef9ba1c586050406ff0d38242acec418894708fce7885c5cc73",
                        "attributes": {
                            "id": "c3c8817065a3aef9ba1c586050406ff0d38242acec418894708fce7885c5cc73",
                            "rendered": "adduser --disabled-password --gecos \"\" sam\nusermod -a -G sudo sam\nmkdir -p /home/sam/.ssh\necho \"ssh-rsa AAAAB3NzaC1yc2EAAAADAQABAAABAQCyFgGobmiU2H+9TA3H5lx2F/MLUErDlq65PCj8Y1goarTdbZf2sDvYJjdwA8btHGn0scoYH0cSIjxUEteA+NjIMAiG94AcN+UXJH99XmenIGxwRKvludZL1Np2UXZRPLo1JgoGyCgypS3THTbkbOxeOZ3wGAEW9YYxNhZ96cHKl1ORxFOzZ80ZS4C+LQEFDCaMykBUFxilFhvUPpuyuj9BCPfRXBDcLyYYBObKcdBvnBjC5bezg+BB/ihQNn76PJjdVVxVd2WxUtyCjf4/+Sn3R0M2VPI9AUXfmoSjZVS1nasaKmgGeftVvzL3aqzQWHabxGIhBCqdQ4+7TrIeb6Kb tom\" \u003e\u003e /home/sam/.ssh/authorized_keys \u003e /dev/null\nchown -R sam:sam /home/sam/.ssh\nchmod -R go-rx /home/sam/.ssh",
                            "template": "adduser --disabled-password --gecos \"\" ${user_name}\nusermod -a -G sudo ${user_name}\nmkdir -p /home/${user_name}/.ssh\necho \"${user_publickey }\" \u003e\u003e /home/${user_name}/.ssh/authorized_keys \u003e /dev/null\nchown -R ${user_name}:${user_name} /home/${user_name}/.ssh\nchmod -R go-rx /home/${user_name}/.ssh",
                            "vars.%": "2",
                            "vars.user_name": "sam",
                            "vars.user_publickey": "ssh-rsa AAAAB3NzaC1yc2EAAAADAQABAAABAQCyFgGobmiU2H+9TA3H5lx2F/MLUErDlq65PCj8Y1goarTdbZf2sDvYJjdwA8btHGn0scoYH0cSIjxUEteA+NjIMAiG94AcN+UXJH99XmenIGxwRKvludZL1Np2UXZRPLo1JgoGyCgypS3THTbkbOxeOZ3wGAEW9YYxNhZ96cHKl1ORxFOzZ80ZS4C+LQEFDCaMykBUFxilFhvUPpuyuj9BCPfRXBDcLyYYBObKcdBvnBjC5bezg+BB/ihQNn76PJjdVVxVd2WxUtyCjf4/+Sn3R0M2VPI9AUXfmoSjZVS1nasaKmgGeftVvzL3aqzQWHabxGIhBCqdQ4+7TrIeb6Kb tom"
                        },
                        "meta": {},
                        "tainted": false
                    },
                    "deposed": [],
                    "provider": "provider.template"
                },
                "data.template_file.add_users.1": {
                    "type": "template_file",
                    "depends_on": [],
                    "primary": {
                        "id": "bd4cea9864fdaf46aacdd4f3c26219d698d4a1def17ccce835b1ddbb238304c2",
                        "attributes": {
                            "id": "bd4cea9864fdaf46aacdd4f3c26219d698d4a1def17ccce835b1ddbb238304c2",
                            "rendered": "adduser --disabled-password --gecos \"\" tom\nusermod -a -G sudo tom\nmkdir -p /home/tom/.ssh\necho \"ssh-rsa AAAAB3NzaC1yc2EAAAADAQABAAABAQCyFgGobmiU2H+9TA3H5lx2F/MLUErDlq65PCj8Y1goarTdbZf2sDvYJjdwA8btHGn0scoYH0cSIjxUEteA+NjIMAiG94AcN+UXJH99XmenIGxwRKvludZL1Np2UXZRPLo1JgoGyCgypS3THTbkbOxeOZ3wGAEW9YYxNhZ96cHKl1ORxFOzZ80ZS4C+LQEFDCaMykBUFxilFhvUPpuyuj9BCPfRXBDcLyYYBObKcdBvnBjC5bezg+BB/ihQNn76PJjdVVxVd2WxUtyCjf4/+Sn3R0M2VPI9AUXfmoSjZVS1nasaKmgGeftVvzL3aqzQWHabxGIhBCqdQ4+7TrIeb6Kb tom\" \u003e\u003e /home/tom/.ssh/authorized_keys \u003e /dev/null\nchown -R tom:tom /home/tom/.ssh\nchmod -R go-rx /home/tom/.ssh",
                            "template": "adduser --disabled-password --gecos \"\" ${user_name}\nusermod -a -G sudo ${user_name}\nmkdir -p /home/${user_name}/.ssh\necho \"${user_publickey }\" \u003e\u003e /home/${user_name}/.ssh/authorized_keys \u003e /dev/null\nchown -R ${user_name}:${user_name} /home/${user_name}/.ssh\nchmod -R go-rx /home/${user_name}/.ssh",
                            "vars.%": "2",
                            "vars.user_name": "tom",
                            "vars.user_publickey": "ssh-rsa AAAAB3NzaC1yc2EAAAADAQABAAABAQCyFgGobmiU2H+9TA3H5lx2F/MLUErDlq65PCj8Y1goarTdbZf2sDvYJjdwA8btHGn0scoYH0cSIjxUEteA+NjIMAiG94AcN+UXJH99XmenIGxwRKvludZL1Np2UXZRPLo1JgoGyCgypS3THTbkbOxeOZ3wGAEW9YYxNhZ96cHKl1ORxFOzZ80ZS4C+LQEFDCaMykBUFxilFhvUPpuyuj9BCPfRXBDcLyYYBObKcdBvnBjC5bezg+BB/ihQNn76PJjdVVxVd2WxUtyCjf4/+Sn3R0M2VPI9AUXfmoSjZVS1nasaKmgGeftVvzL3aqzQWHabxGIhBCqdQ4+7TrIeb6Kb tom"
                        },
                        "meta": {},
                        "tainted": false
                    },
                    "deposed": [],
                    "provider": "provider.template"
                },
                "data.template_file.install_elk": {
                    "type": "template_file",
                    "depends_on": [
                        "data.template_file.add_users.*"
                    ],
                    "primary": {
                        "id": "f106c6028570fafdbc0c4584b4248c643a6fe8886c7a150718c825385889f8c2",
                        "attributes": {
                            "id": "f106c6028570fafdbc0c4584b4248c643a6fe8886c7a150718c825385889f8c2",
                            "rendered": "#!/bin/bash\nset -a \nsource /etc/environment\napt-get update\nsudo DEBIAN_FRONTEND=noninteractive apt-get upgrade -y\nDEBIAN_FRONTEND=noninteractive \napt-get -y upgrade \napt-get install openjdk-8-jre -y\nwget -qO - https://artifacts.elastic.co/GPG-KEY-elasticsearch |  apt-key add -\napt-get update\napt-get install apt-transport-https -y\necho \"deb https://artifacts.elastic.co/packages/5.x/apt stable main\" \u003e\u003e /etc/apt/sources.list.d/elastic-5.x.list\napt-get update\napt-get install elasticsearch -y\n/usr/share/elasticsearch/bin/elasticsearch-plugin install discovery-ec2 -s\napt-get update \napt-get install logstash -y\napt-get install kibana -y\n\nadduser --disabled-password --gecos \"\" sam\nusermod -a -G sudo sam\nmkdir -p /home/sam/.ssh\necho \"ssh-rsa AAAAB3NzaC1yc2EAAAADAQABAAABAQCyFgGobmiU2H+9TA3H5lx2F/MLUErDlq65PCj8Y1goarTdbZf2sDvYJjdwA8btHGn0scoYH0cSIjxUEteA+NjIMAiG94AcN+UXJH99XmenIGxwRKvludZL1Np2UXZRPLo1JgoGyCgypS3THTbkbOxeOZ3wGAEW9YYxNhZ96cHKl1ORxFOzZ80ZS4C+LQEFDCaMykBUFxilFhvUPpuyuj9BCPfRXBDcLyYYBObKcdBvnBjC5bezg+BB/ihQNn76PJjdVVxVd2WxUtyCjf4/+Sn3R0M2VPI9AUXfmoSjZVS1nasaKmgGeftVvzL3aqzQWHabxGIhBCqdQ4+7TrIeb6Kb tom\" \u003e\u003e /home/sam/.ssh/authorized_keys \u003e /dev/null\nchown -R sam:sam /home/sam/.ssh\nchmod -R go-rx /home/sam/.ssh\nadduser --disabled-password --gecos \"\" tom\nusermod -a -G sudo tom\nmkdir -p /home/tom/.ssh\necho \"ssh-rsa AAAAB3NzaC1yc2EAAAADAQABAAABAQCyFgGobmiU2H+9TA3H5lx2F/MLUErDlq65PCj8Y1goarTdbZf2sDvYJjdwA8btHGn0scoYH0cSIjxUEteA+NjIMAiG94AcN+UXJH99XmenIGxwRKvludZL1Np2UXZRPLo1JgoGyCgypS3THTbkbOxeOZ3wGAEW9YYxNhZ96cHKl1ORxFOzZ80ZS4C+LQEFDCaMykBUFxilFhvUPpuyuj9BCPfRXBDcLyYYBObKcdBvnBjC5bezg+BB/ihQNn76PJjdVVxVd2WxUtyCjf4/+Sn3R0M2VPI9AUXfmoSjZVS1nasaKmgGeftVvzL3aqzQWHabxGIhBCqdQ4+7TrIeb6Kb tom\" \u003e\u003e /home/tom/.ssh/authorized_keys \u003e /dev/null\nchown -R tom:tom /home/tom/.ssh\nchmod -R go-rx /home/tom/.ssh\n\n",
                            "template": "#!/bin/bash\nset -a \nsource /etc/environment\napt-get update\nsudo DEBIAN_FRONTEND=noninteractive apt-get upgrade -y\nDEBIAN_FRONTEND=noninteractive \napt-get -y upgrade \napt-get install openjdk-8-jre -y\nwget -qO - https://artifacts.elastic.co/GPG-KEY-elasticsearch |  apt-key add -\napt-get update\napt-get install apt-transport-https -y\necho \"deb https://artifacts.elastic.co/packages/5.x/apt stable main\" \u003e\u003e /etc/apt/sources.list.d/elastic-5.x.list\napt-get update\napt-get install elasticsearch -y\n/usr/share/elasticsearch/bin/elasticsearch-plugin install discovery-ec2 -s\napt-get update \napt-get install logstash -y\napt-get install kibana -y\n\n${elk_useradd}\n\n",
                            "vars.%": "3",
                            "vars.elasticsearch_cluster": "elk_cluster",
                            "vars.elasticsearch_data_dir": "/opt/elasticsearch/data",
                            "vars.elk_useradd": "adduser --disabled-password --gecos \"\" sam\nusermod -a -G sudo sam\nmkdir -p /home/sam/.ssh\necho \"ssh-rsa AAAAB3NzaC1yc2EAAAADAQABAAABAQCyFgGobmiU2H+9TA3H5lx2F/MLUErDlq65PCj8Y1goarTdbZf2sDvYJjdwA8btHGn0scoYH0cSIjxUEteA+NjIMAiG94AcN+UXJH99XmenIGxwRKvludZL1Np2UXZRPLo1JgoGyCgypS3THTbkbOxeOZ3wGAEW9YYxNhZ96cHKl1ORxFOzZ80ZS4C+LQEFDCaMykBUFxilFhvUPpuyuj9BCPfRXBDcLyYYBObKcdBvnBjC5bezg+BB/ihQNn76PJjdVVxVd2WxUtyCjf4/+Sn3R0M2VPI9AUXfmoSjZVS1nasaKmgGeftVvzL3aqzQWHabxGIhBCqdQ4+7TrIeb6Kb tom\" \u003e\u003e /home/sam/.ssh/authorized_keys \u003e /dev/null\nchown -R sam:sam /home/sam/.ssh\nchmod -R go-rx /home/sam/.ssh\nadduser --disabled-password --gecos \"\" tom\nusermod -a -G sudo tom\nmkdir -p /home/tom/.ssh\necho \"ssh-rsa AAAAB3NzaC1yc2EAAAADAQABAAABAQCyFgGobmiU2H+9TA3H5lx2F/MLUErDlq65PCj8Y1goarTdbZf2sDvYJjdwA8btHGn0scoYH0cSIjxUEteA+NjIMAiG94AcN+UXJH99XmenIGxwRKvludZL1Np2UXZRPLo1JgoGyCgypS3THTbkbOxeOZ3wGAEW9YYxNhZ96cHKl1ORxFOzZ80ZS4C+LQEFDCaMykBUFxilFhvUPpuyuj9BCPfRXBDcLyYYBObKcdBvnBjC5bezg+BB/ihQNn76PJjdVVxVd2WxUtyCjf4/+Sn3R0M2VPI9AUXfmoSjZVS1nasaKmgGeftVvzL3aqzQWHabxGIhBCqdQ4+7TrIeb6Kb tom\" \u003e\u003e /home/tom/.ssh/authorized_keys \u003e /dev/null\nchown -R tom:tom /home/tom/.ssh\nchmod -R go-rx /home/tom/.ssh"
                        },
                        "meta": {},
                        "tainted": false
                    },
                    "deposed": [],
                    "provider": "provider.template"
                },
                "data.terraform_remote_state.backend_vpc": {
                    "type": "terraform_remote_state",
                    "depends_on": [],
                    "primary": {
                        "id": "2019-06-09 21:07:23.4334291 +0000 UTC",
                        "attributes": {
                            "backend": "s3",
                            "config.#": "1",
                            "config.517382389.bucket": "sams3backend",
                            "config.517382389.key": "vpc/terraform.tfsate",
                            "config.517382389.region": "us-east-1",
                            "environment": "default",
                            "id": "2019-06-09 21:07:23.4334291 +0000 UTC",
                            "private_subnet_ids.#": "2",
                            "private_subnet_ids.0": "subnet-0559a5d769503e6dd",
                            "private_subnet_ids.1": "subnet-093b7a21e001095db",
                            "public_subnet_ids.#": "2",
                            "public_subnet_ids.0": "subnet-02f493d65630ac0d3",
                            "public_subnet_ids.1": "subnet-0cdf4aae271fc573e",
                            "vpc_id": "vpc-0c1b05b5b135e52a2",
                            "workspace": "default"
                        },
                        "meta": {},
                        "tainted": false
                    },
                    "deposed": [],
                    "provider": "provider.terraform"
                },
                "null_resource.configuration": {
                    "type": "null_resource",
                    "depends_on": [
                        "local.elk_publicips"
                    ],
                    "primary": {
                        "id": "6794682768191595146",
                        "attributes": {
                            "id": "6794682768191595146",
                            "triggers.%": "4",
                            "triggers.trigger_a": "6752f9b5ee4a85ef79c958f5350aa779bb55d1c1",
                            "triggers.trigger_b": "85fce0aadd5db5129949e279fe1747769ed4dd4d",
                            "triggers.trigger_c": "bbfe8722e0f062864dc0b7866464331d5fb5e3c8",
                            "triggers.trigger_d": "a96e4f5bff42e6f8401eb15f6f12e766aa758ca1"
                        },
                        "meta": {},
                        "tainted": false
                    },
                    "deposed": [],
                    "provider": "provider.null"
                }
            },
            "depends_on": []
        },
        {
            "path": [
                "root",
                "iam"
            ],
            "outputs": {
                "es_iam_id": {
                    "sensitive": false,
                    "type": "string",
                    "value": "elk_profile"
                }
            },
            "resources": {
                "aws_iam_instance_profile.elasticsearch": {
                    "type": "aws_iam_instance_profile",
                    "depends_on": [
                        "aws_iam_role.elasticsearch"
                    ],
                    "primary": {
                        "id": "elk_profile",
                        "attributes": {
                            "arn": "arn:aws:iam::475534801476:instance-profile/elk_profile",
                            "create_date": "2019-06-09T21:03:56Z",
                            "id": "elk_profile",
                            "name": "elk_profile",
                            "path": "/",
                            "role": "elk_role",
                            "roles.#": "1",
                            "roles.526558674": "elk_role",
                            "unique_id": "AIPAW5OAVHJCB37DTJAED"
                        },
                        "meta": {},
                        "tainted": false
                    },
                    "deposed": [],
                    "provider": "provider.aws"
                },
                "aws_iam_role.elasticsearch": {
                    "type": "aws_iam_role",
                    "depends_on": [],
                    "primary": {
                        "id": "elk_role",
                        "attributes": {
                            "arn": "arn:aws:iam::475534801476:role/elk_role",
                            "assume_role_policy": "{\"Version\":\"2008-10-17\",\"Statement\":[{\"Effect\":\"Allow\",\"Principal\":{\"Service\":\"ec2.amazonaws.com\"},\"Action\":\"sts:AssumeRole\"}]}",
                            "create_date": "2019-06-09T21:03:56Z",
                            "description": "",
                            "force_detach_policies": "false",
                            "id": "elk_role",
                            "max_session_duration": "3600",
                            "name": "elk_role",
                            "path": "/",
                            "tags.%": "0",
                            "unique_id": "AROAW5OAVHJCP5LSV7UAD"
                        },
                        "meta": {},
                        "tainted": false
                    },
                    "deposed": [],
                    "provider": "provider.aws"
                },
                "aws_iam_role_policy.elasticsearch": {
                    "type": "aws_iam_role_policy",
                    "depends_on": [
                        "aws_iam_role.elasticsearch"
                    ],
                    "primary": {
                        "id": "elk_role:elk_policy",
                        "attributes": {
                            "id": "elk_role:elk_policy",
                            "name": "elk_policy",
                            "policy": "{\n    \"Statement\": [\n    {\n    \"Action\": [\n    \"ec2:DescribeInstances\"\n    ],\n    \"Effect\": \"Allow\",\n    \"Resource\": [\n    \"*\"\n    ]\n    }\n    ],\n    \"Version\": \"2012-10-17\"\n    }",
                            "role": "elk_role"
                        },
                        "meta": {},
                        "tainted": false
                    },
                    "deposed": [],
                    "provider": "provider.aws"
                }
            },
            "depends_on": []
        },
        {
            "path": [
                "root",
                "security"
            ],
            "outputs": {
                "elasticsearch_sc_id": {
                    "sensitive": false,
                    "type": "string",
                    "value": "sg-03d1ace5440aa0177"
                },
                "elk_sc_id": {
                    "sensitive": false,
                    "type": "string",
                    "value": "sg-0b9cbbab59905cb1a"
                },
                "esearch_sc_id": {
                    "sensitive": false,
                    "type": "string",
                    "value": "sg-0d6bd80fd3cc7bc3b"
                }
            },
            "resources": {
                "aws_security_group.elasticsearch": {
                    "type": "aws_security_group",
                    "depends_on": [
                        "data.aws_subnet.privatecidrs.*",
                        "data.aws_subnet.publiccidrs.*"
                    ],
                    "primary": {
                        "id": "sg-03d1ace5440aa0177",
                        "attributes": {
                            "arn": "arn:aws:ec2:us-east-1:475534801476:security-group/sg-03d1ace5440aa0177",
                            "description": "Security group for elasticsearch cluster",
                            "egress.#": "1",
                            "egress.482069346.cidr_blocks.#": "1",
                            "egress.482069346.cidr_blocks.0": "0.0.0.0/0",
                            "egress.482069346.description": "",
                            "egress.482069346.from_port": "0",
                            "egress.482069346.ipv6_cidr_blocks.#": "0",
                            "egress.482069346.prefix_list_ids.#": "0",
                            "egress.482069346.protocol": "-1",
                            "egress.482069346.security_groups.#": "0",
                            "egress.482069346.self": "false",
                            "egress.482069346.to_port": "0",
                            "id": "sg-03d1ace5440aa0177",
                            "ingress.#": "2",
                            "ingress.2541437006.cidr_blocks.#": "1",
                            "ingress.2541437006.cidr_blocks.0": "0.0.0.0/0",
                            "ingress.2541437006.description": "",
                            "ingress.2541437006.from_port": "22",
                            "ingress.2541437006.ipv6_cidr_blocks.#": "0",
                            "ingress.2541437006.prefix_list_ids.#": "0",
                            "ingress.2541437006.protocol": "tcp",
                            "ingress.2541437006.security_groups.#": "0",
                            "ingress.2541437006.self": "false",
                            "ingress.2541437006.to_port": "22",
                            "ingress.730507367.cidr_blocks.#": "4",
                            "ingress.730507367.cidr_blocks.0": "10.97.25.128/26",
                            "ingress.730507367.cidr_blocks.1": "10.97.25.192/26",
                            "ingress.730507367.cidr_blocks.2": "10.97.25.0/26",
                            "ingress.730507367.cidr_blocks.3": "10.97.25.64/26",
                            "ingress.730507367.description": "",
                            "ingress.730507367.from_port": "9200",
                            "ingress.730507367.ipv6_cidr_blocks.#": "0",
                            "ingress.730507367.prefix_list_ids.#": "0",
                            "ingress.730507367.protocol": "tcp",
                            "ingress.730507367.security_groups.#": "0",
                            "ingress.730507367.self": "false",
                            "ingress.730507367.to_port": "9400",
                            "name": "elasticsearch_security_group",
                            "owner_id": "475534801476",
                            "revoke_rules_on_delete": "false",
                            "tags.%": "1",
                            "tags.Name": "Elasticsearch default security groups",
                            "vpc_id": "vpc-0c1b05b5b135e52a2"
                        },
                        "meta": {
                            "e2bfb730-ecaa-11e6-8f88-34363bc7c4c0": {
                                "create": 600000000000,
                                "delete": 600000000000
                            },
                            "schema_version": "1"
                        },
                        "tainted": false
                    },
                    "deposed": [],
                    "provider": "provider.aws"
                },
                "aws_security_group.elk_sc_default": {
                    "type": "aws_security_group",
                    "depends_on": [],
                    "primary": {
                        "id": "sg-0b9cbbab59905cb1a",
                        "attributes": {
                            "arn": "arn:aws:ec2:us-east-1:475534801476:security-group/sg-0b9cbbab59905cb1a",
                            "description": "Main security group for instances in public subnet",
                            "egress.#": "1",
                            "egress.482069346.cidr_blocks.#": "1",
                            "egress.482069346.cidr_blocks.0": "0.0.0.0/0",
                            "egress.482069346.description": "",
                            "egress.482069346.from_port": "0",
                            "egress.482069346.ipv6_cidr_blocks.#": "0",
                            "egress.482069346.prefix_list_ids.#": "0",
                            "egress.482069346.protocol": "-1",
                            "egress.482069346.security_groups.#": "0",
                            "egress.482069346.self": "false",
                            "egress.482069346.to_port": "0",
                            "id": "sg-0b9cbbab59905cb1a",
                            "ingress.#": "2",
                            "ingress.2541437006.cidr_blocks.#": "1",
                            "ingress.2541437006.cidr_blocks.0": "0.0.0.0/0",
                            "ingress.2541437006.description": "",
                            "ingress.2541437006.from_port": "22",
                            "ingress.2541437006.ipv6_cidr_blocks.#": "0",
                            "ingress.2541437006.prefix_list_ids.#": "0",
                            "ingress.2541437006.protocol": "tcp",
                            "ingress.2541437006.security_groups.#": "0",
                            "ingress.2541437006.self": "false",
                            "ingress.2541437006.to_port": "22",
                            "ingress.3431095222.cidr_blocks.#": "1",
                            "ingress.3431095222.cidr_blocks.0": "0.0.0.0/0",
                            "ingress.3431095222.description": "",
                            "ingress.3431095222.from_port": "5601",
                            "ingress.3431095222.ipv6_cidr_blocks.#": "0",
                            "ingress.3431095222.prefix_list_ids.#": "0",
                            "ingress.3431095222.protocol": "tcp",
                            "ingress.3431095222.security_groups.#": "0",
                            "ingress.3431095222.self": "false",
                            "ingress.3431095222.to_port": "5601",
                            "name": "elk_default_security_group",
                            "owner_id": "475534801476",
                            "revoke_rules_on_delete": "false",
                            "tags.%": "1",
                            "tags.Name": "ELK default security group",
                            "vpc_id": "vpc-0c1b05b5b135e52a2"
                        },
                        "meta": {
                            "e2bfb730-ecaa-11e6-8f88-34363bc7c4c0": {
                                "create": 600000000000,
                                "delete": 600000000000
                            },
                            "schema_version": "1"
                        },
                        "tainted": false
                    },
                    "deposed": [],
                    "provider": "provider.aws"
                },
                "aws_security_group.elk_sc_esearch": {
                    "type": "aws_security_group",
                    "depends_on": [
                        "data.aws_subnet.privatecidrs.*",
                        "data.aws_subnet.publiccidrs.*"
                    ],
                    "primary": {
                        "id": "sg-0d6bd80fd3cc7bc3b",
                        "attributes": {
                            "arn": "arn:aws:ec2:us-east-1:475534801476:security-group/sg-0d6bd80fd3cc7bc3b",
                            "description": "Security group for Elasticsearch instance",
                            "egress.#": "1",
                            "egress.482069346.cidr_blocks.#": "1",
                            "egress.482069346.cidr_blocks.0": "0.0.0.0/0",
                            "egress.482069346.description": "",
                            "egress.482069346.from_port": "0",
                            "egress.482069346.ipv6_cidr_blocks.#": "0",
                            "egress.482069346.prefix_list_ids.#": "0",
                            "egress.482069346.protocol": "-1",
                            "egress.482069346.security_groups.#": "0",
                            "egress.482069346.self": "false",
                            "egress.482069346.to_port": "0",
                            "id": "sg-0d6bd80fd3cc7bc3b",
                            "ingress.#": "2",
                            "ingress.2541437006.cidr_blocks.#": "1",
                            "ingress.2541437006.cidr_blocks.0": "0.0.0.0/0",
                            "ingress.2541437006.description": "",
                            "ingress.2541437006.from_port": "22",
                            "ingress.2541437006.ipv6_cidr_blocks.#": "0",
                            "ingress.2541437006.prefix_list_ids.#": "0",
                            "ingress.2541437006.protocol": "tcp",
                            "ingress.2541437006.security_groups.#": "0",
                            "ingress.2541437006.self": "false",
                            "ingress.2541437006.to_port": "22",
                            "ingress.964738228.cidr_blocks.#": "4",
                            "ingress.964738228.cidr_blocks.0": "10.97.25.128/26",
                            "ingress.964738228.cidr_blocks.1": "10.97.25.192/26",
                            "ingress.964738228.cidr_blocks.2": "10.97.25.0/26",
                            "ingress.964738228.cidr_blocks.3": "10.97.25.64/26",
                            "ingress.964738228.description": "",
                            "ingress.964738228.from_port": "0",
                            "ingress.964738228.ipv6_cidr_blocks.#": "0",
                            "ingress.964738228.prefix_list_ids.#": "0",
                            "ingress.964738228.protocol": "tcp",
                            "ingress.964738228.security_groups.#": "0",
                            "ingress.964738228.self": "false",
                            "ingress.964738228.to_port": "65535",
                            "name": "elk_esearch_security_group",
                            "owner_id": "475534801476",
                            "revoke_rules_on_delete": "false",
                            "tags.%": "1",
                            "tags.Name": "ELK default security group",
                            "vpc_id": "vpc-0c1b05b5b135e52a2"
                        },
                        "meta": {
                            "e2bfb730-ecaa-11e6-8f88-34363bc7c4c0": {
                                "create": 600000000000,
                                "delete": 600000000000
                            },
                            "schema_version": "1"
                        },
                        "tainted": false
                    },
                    "deposed": [],
                    "provider": "provider.aws"
                },
                "data.aws_subnet.privatecidrs.0": {
                    "type": "aws_subnet",
                    "depends_on": [],
                    "primary": {
                        "id": "subnet-0559a5d769503e6dd",
                        "attributes": {
                            "arn": "arn:aws:ec2:us-east-1:475534801476:subnet/subnet-0559a5d769503e6dd",
                            "assign_ipv6_address_on_creation": "false",
                            "availability_zone": "us-east-1a",
                            "availability_zone_id": "use1-az4",
                            "cidr_block": "10.97.25.128/26",
                            "default_for_az": "false",
                            "id": "subnet-0559a5d769503e6dd",
                            "map_public_ip_on_launch": "false",
                            "owner_id": "475534801476",
                            "state": "available",
                            "tags.%": "2",
                            "tags.Name": "test",
                            "tags.network": "private",
                            "vpc_id": "vpc-0c1b05b5b135e52a2"
                        },
                        "meta": {},
                        "tainted": false
                    },
                    "deposed": [],
                    "provider": "provider.aws"
                },
                "data.aws_subnet.privatecidrs.1": {
                    "type": "aws_subnet",
                    "depends_on": [],
                    "primary": {
                        "id": "subnet-093b7a21e001095db",
                        "attributes": {
                            "arn": "arn:aws:ec2:us-east-1:475534801476:subnet/subnet-093b7a21e001095db",
                            "assign_ipv6_address_on_creation": "false",
                            "availability_zone": "us-east-1b",
                            "availability_zone_id": "use1-az6",
                            "cidr_block": "10.97.25.192/26",
                            "default_for_az": "false",
                            "id": "subnet-093b7a21e001095db",
                            "map_public_ip_on_launch": "false",
                            "owner_id": "475534801476",
                            "state": "available",
                            "tags.%": "2",
                            "tags.Name": "test",
                            "tags.network": "private",
                            "vpc_id": "vpc-0c1b05b5b135e52a2"
                        },
                        "meta": {},
                        "tainted": false
                    },
                    "deposed": [],
                    "provider": "provider.aws"
                },
                "data.aws_subnet.publiccidrs.0": {
                    "type": "aws_subnet",
                    "depends_on": [],
                    "primary": {
                        "id": "subnet-02f493d65630ac0d3",
                        "attributes": {
                            "arn": "arn:aws:ec2:us-east-1:475534801476:subnet/subnet-02f493d65630ac0d3",
                            "assign_ipv6_address_on_creation": "false",
                            "availability_zone": "us-east-1a",
                            "availability_zone_id": "use1-az4",
                            "cidr_block": "10.97.25.0/26",
                            "default_for_az": "false",
                            "id": "subnet-02f493d65630ac0d3",
                            "map_public_ip_on_launch": "false",
                            "owner_id": "475534801476",
                            "state": "available",
                            "tags.%": "2",
                            "tags.Name": "test",
                            "tags.network": "public",
                            "vpc_id": "vpc-0c1b05b5b135e52a2"
                        },
                        "meta": {},
                        "tainted": false
                    },
                    "deposed": [],
                    "provider": "provider.aws"
                },
                "data.aws_subnet.publiccidrs.1": {
                    "type": "aws_subnet",
                    "depends_on": [],
                    "primary": {
                        "id": "subnet-0cdf4aae271fc573e",
                        "attributes": {
                            "arn": "arn:aws:ec2:us-east-1:475534801476:subnet/subnet-0cdf4aae271fc573e",
                            "assign_ipv6_address_on_creation": "false",
                            "availability_zone": "us-east-1b",
                            "availability_zone_id": "use1-az6",
                            "cidr_block": "10.97.25.64/26",
                            "default_for_az": "false",
                            "id": "subnet-0cdf4aae271fc573e",
                            "map_public_ip_on_launch": "false",
                            "owner_id": "475534801476",
                            "state": "available",
                            "tags.%": "2",
                            "tags.Name": "test",
                            "tags.network": "public",
                            "vpc_id": "vpc-0c1b05b5b135e52a2"
                        },
                        "meta": {},
                        "tainted": false
                    },
                    "deposed": [],
                    "provider": "provider.aws"
                }
            },
            "depends_on": []
        }
    ]
}
